
Microsoft Visual Studio Solution File, Format Version 12.00
# Visual Studio Version 17
VisualStudioVersion = 17.5.002.0
MinimumVisualStudioVersion = 10.0.40219.1
Project("{9A19103F-16F7-4668-BE54-9A1E7A4F7556}") = "first-lesson", "first-lesson.csproj", "{DDE46147-04E1-48F6-A95C-C9CC9EC4B97B}"
EndProject
Global
	GlobalSection(SolutionConfigurationPlatforms) = preSolution
		Debug|Any CPU = Debug|Any CPU
		Release|Any CPU = Release|Any CPU
	EndGlobalSection
	GlobalSection(ProjectConfigurationPlatforms) = postSolution
		{DDE46147-04E1-48F6-A95C-C9CC9EC4B97B}.Debug|Any CPU.ActiveCfg = Debug|Any CPU
		{DDE46147-04E1-48F6-A95C-C9CC9EC4B97B}.Debug|Any CPU.Build.0 = Debug|Any CPU
		{DDE46147-04E1-48F6-A95C-C9CC9EC4B97B}.Release|Any CPU.ActiveCfg = Release|Any CPU
		{DDE46147-04E1-48F6-A95C-C9CC9EC4B97B}.Release|Any CPU.Build.0 = Release|Any CPU
	EndGlobalSection
	GlobalSection(SolutionProperties) = preSolution
		HideSolutionNode = FALSE
	EndGlobalSection
	GlobalSection(ExtensibilityGlobals) = postSolution
		SolutionGuid = {04CC123B-5974-4EDB-9304-CEB22C15B797}
	EndGlobalSection
EndGlobal
